# THIS IS AN AUTOGENERATED FILE. DO NOT EDIT THIS FILE DIRECTLY.
# yarn lockfile v1


"@types/emscripten@^1.39.10":
  version "1.39.10"
  resolved "https://registry.yarnpkg.com/@types/emscripten/-/emscripten-1.39.10.tgz#da6e58a6171b46a41d3694f812d845d515c77e18"
  integrity sha512-TB/6hBkYQJxsZHSqyeuO1Jt0AB/bW6G7rHt9g7lML7SOF6lbgcHvw/Lr+69iqN0qxgXLhWKScAon73JNnptuDw==
